
Microsoft Visual Studio Solution File, Format Version 12.00
# Visual Studio 14
VisualStudioVersion = 14.0.25420.1
MinimumVisualStudioVersion = 10.0.40219.1
Project("{FAE04EC0-301F-11D3-BF4B-00C04F79EFBC}") = "LineGraph", "LineGraph\LineGraph.csproj", "{1E9903CF-0A29-4C95-9666-B76AF690C56D}"
	ProjectSection(ProjectDependencies) = postProject
		{BEC60F07-7E20-4F8B-A792-09AF04B40BC2} = {BEC60F07-7E20-4F8B-A792-09AF04B40BC2}
		{F78B7F11-1A7A-4181-BC47-832A03D75324} = {F78B7F11-1A7A-4181-BC47-832A03D75324}
		{57238156-62D6-4567-8E8F-1E6D020C24B7} = {57238156-62D6-4567-8E8F-1E6D020C24B7}
		{695C1B67-08AE-4CA8-8820-30E3AD87EF44} = {695C1B67-08AE-4CA8-8820-30E3AD87EF44}
		{599DF471-0FD1-48BE-A777-92049D656E36} = {599DF471-0FD1-48BE-A777-92049D656E36}
		{E455E98A-6768-4922-B8BB-D444373E6585} = {E455E98A-6768-4922-B8BB-D444373E6585}
		{240477D7-18B8-4273-9451-7115A22A8CE5} = {240477D7-18B8-4273-9451-7115A22A8CE5}
		{BF6745F8-6DA8-4AE2-B6F6-0BC385862507} = {BF6745F8-6DA8-4AE2-B6F6-0BC385862507}
	EndProjectSection
EndProject
Project("{FAE04EC0-301F-11D3-BF4B-00C04F79EFBC}") = "GUI", "GUI\GUI.csproj", "{240477D7-18B8-4273-9451-7115A22A8CE5}"
	ProjectSection(ProjectDependencies) = postProject
		{695C1B67-08AE-4CA8-8820-30E3AD87EF44} = {695C1B67-08AE-4CA8-8820-30E3AD87EF44}
	EndProjectSection
EndProject
Project("{FAE04EC0-301F-11D3-BF4B-00C04F79EFBC}") = "SuperMapUtility", "SuperMapUtility\SuperMapUtility.csproj", "{E455E98A-6768-4922-B8BB-D444373E6585}"
	ProjectSection(ProjectDependencies) = postProject
		{57238156-62D6-4567-8E8F-1E6D020C24B7} = {57238156-62D6-4567-8E8F-1E6D020C24B7}
	EndProjectSection
EndProject
Project("{FAE04EC0-301F-11D3-BF4B-00C04F79EFBC}") = "Data", "Data\Data.csproj", "{695C1B67-08AE-4CA8-8820-30E3AD87EF44}"
EndProject
Project("{FAE04EC0-301F-11D3-BF4B-00C04F79EFBC}") = "Designer", "Designer\Designer.csproj", "{BEC60F07-7E20-4F8B-A792-09AF04B40BC2}"
EndProject
Project("{FAE04EC0-301F-11D3-BF4B-00C04F79EFBC}") = "SQLUtility", "SQLUtility\SQLUtility.csproj", "{57238156-62D6-4567-8E8F-1E6D020C24B7}"
	ProjectSection(ProjectDependencies) = postProject
		{5299B264-77C9-40A9-A74C-A66CD61966E3} = {5299B264-77C9-40A9-A74C-A66CD61966E3}
		{695C1B67-08AE-4CA8-8820-30E3AD87EF44} = {695C1B67-08AE-4CA8-8820-30E3AD87EF44}
		{240477D7-18B8-4273-9451-7115A22A8CE5} = {240477D7-18B8-4273-9451-7115A22A8CE5}
		{BF6745F8-6DA8-4AE2-B6F6-0BC385862507} = {BF6745F8-6DA8-4AE2-B6F6-0BC385862507}
	EndProjectSection
EndProject
Project("{FAE04EC0-301F-11D3-BF4B-00C04F79EFBC}") = "DataReceiver", "DataReceiver\DataReceiver.csproj", "{599DF471-0FD1-48BE-A777-92049D656E36}"
	ProjectSection(ProjectDependencies) = postProject
		{BEC60F07-7E20-4F8B-A792-09AF04B40BC2} = {BEC60F07-7E20-4F8B-A792-09AF04B40BC2}
		{57238156-62D6-4567-8E8F-1E6D020C24B7} = {57238156-62D6-4567-8E8F-1E6D020C24B7}
		{695C1B67-08AE-4CA8-8820-30E3AD87EF44} = {695C1B67-08AE-4CA8-8820-30E3AD87EF44}
	EndProjectSection
EndProject
Project("{FAE04EC0-301F-11D3-BF4B-00C04F79EFBC}") = "DataGraph", "DataViewer\DataGraph.csproj", "{BF6745F8-6DA8-4AE2-B6F6-0BC385862507}"
	ProjectSection(ProjectDependencies) = postProject
		{695C1B67-08AE-4CA8-8820-30E3AD87EF44} = {695C1B67-08AE-4CA8-8820-30E3AD87EF44}
	EndProjectSection
EndProject
Project("{FAE04EC0-301F-11D3-BF4B-00C04F79EFBC}") = "DataAnalyze", "DataAnalyze\DataAnalyze.csproj", "{5299B264-77C9-40A9-A74C-A66CD61966E3}"
EndProject
Project("{8BC9CEB8-8B4A-11D0-8D11-00A0C91BC942}") = "gprsdll", "gprsdll\gprsdll.vcxproj", "{4E63C314-24EC-4024-AEE0-34031E405A39}"
EndProject
Project("{FAE04EC0-301F-11D3-BF4B-00C04F79EFBC}") = "CustomTabControl", "CustomTabControl\CustomTabControl.csproj", "{4DBFE2CF-45E4-4594-8E6A-5EBC2EEF85AE}"
EndProject
Project("{FAE04EC0-301F-11D3-BF4B-00C04F79EFBC}") = "cubepdf-viewer", "cubepdf-viewer\cubepdf-viewer.csproj", "{F78B7F11-1A7A-4181-BC47-832A03D75324}"
	ProjectSection(ProjectDependencies) = postProject
		{4DBFE2CF-45E4-4594-8E6A-5EBC2EEF85AE} = {4DBFE2CF-45E4-4594-8E6A-5EBC2EEF85AE}
	EndProjectSection
EndProject
Global
	GlobalSection(SolutionConfigurationPlatforms) = preSolution
		Debug|Any CPU = Debug|Any CPU
		Debug|Mixed Platforms = Debug|Mixed Platforms
		Debug|x64 = Debug|x64
		Debug|x86 = Debug|x86
		Release|Any CPU = Release|Any CPU
		Release|Mixed Platforms = Release|Mixed Platforms
		Release|x64 = Release|x64
		Release|x86 = Release|x86
	EndGlobalSection
	GlobalSection(ProjectConfigurationPlatforms) = postSolution
		{1E9903CF-0A29-4C95-9666-B76AF690C56D}.Debug|Any CPU.ActiveCfg = Debug|Any CPU
		{1E9903CF-0A29-4C95-9666-B76AF690C56D}.Debug|Any CPU.Build.0 = Debug|Any CPU
		{1E9903CF-0A29-4C95-9666-B76AF690C56D}.Debug|Mixed Platforms.ActiveCfg = Debug|Any CPU
		{1E9903CF-0A29-4C95-9666-B76AF690C56D}.Debug|Mixed Platforms.Build.0 = Debug|Any CPU
		{1E9903CF-0A29-4C95-9666-B76AF690C56D}.Debug|x64.ActiveCfg = Debug|x64
		{1E9903CF-0A29-4C95-9666-B76AF690C56D}.Debug|x64.Build.0 = Debug|x64
		{1E9903CF-0A29-4C95-9666-B76AF690C56D}.Debug|x86.ActiveCfg = Debug|Any CPU
		{1E9903CF-0A29-4C95-9666-B76AF690C56D}.Debug|x86.Build.0 = Debug|Any CPU
		{1E9903CF-0A29-4C95-9666-B76AF690C56D}.Release|Any CPU.ActiveCfg = Release|Any CPU
		{1E9903CF-0A29-4C95-9666-B76AF690C56D}.Release|Any CPU.Build.0 = Release|Any CPU
		{1E9903CF-0A29-4C95-9666-B76AF690C56D}.Release|Mixed Platforms.ActiveCfg = Release|Any CPU
		{1E9903CF-0A29-4C95-9666-B76AF690C56D}.Release|Mixed Platforms.Build.0 = Release|Any CPU
		{1E9903CF-0A29-4C95-9666-B76AF690C56D}.Release|x64.ActiveCfg = Release|x64
		{1E9903CF-0A29-4C95-9666-B76AF690C56D}.Release|x64.Build.0 = Release|x64
		{1E9903CF-0A29-4C95-9666-B76AF690C56D}.Release|x86.ActiveCfg = Release|Any CPU
		{1E9903CF-0A29-4C95-9666-B76AF690C56D}.Release|x86.Build.0 = Release|Any CPU
		{240477D7-18B8-4273-9451-7115A22A8CE5}.Debug|Any CPU.ActiveCfg = Debug|Any CPU
		{240477D7-18B8-4273-9451-7115A22A8CE5}.Debug|Any CPU.Build.0 = Debug|Any CPU
		{240477D7-18B8-4273-9451-7115A22A8CE5}.Debug|Mixed Platforms.ActiveCfg = Debug|Any CPU
		{240477D7-18B8-4273-9451-7115A22A8CE5}.Debug|Mixed Platforms.Build.0 = Debug|Any CPU
		{240477D7-18B8-4273-9451-7115A22A8CE5}.Debug|x64.ActiveCfg = Debug|x64
		{240477D7-18B8-4273-9451-7115A22A8CE5}.Debug|x64.Build.0 = Debug|x64
		{240477D7-18B8-4273-9451-7115A22A8CE5}.Debug|x86.ActiveCfg = Debug|Any CPU
		{240477D7-18B8-4273-9451-7115A22A8CE5}.Debug|x86.Build.0 = Debug|Any CPU
		{240477D7-18B8-4273-9451-7115A22A8CE5}.Release|Any CPU.ActiveCfg = Release|Any CPU
		{240477D7-18B8-4273-9451-7115A22A8CE5}.Release|Any CPU.Build.0 = Release|Any CPU
		{240477D7-18B8-4273-9451-7115A22A8CE5}.Release|Mixed Platforms.ActiveCfg = Release|Any CPU
		{240477D7-18B8-4273-9451-7115A22A8CE5}.Release|Mixed Platforms.Build.0 = Release|Any CPU
		{240477D7-18B8-4273-9451-7115A22A8CE5}.Release|x64.ActiveCfg = Release|x64
		{240477D7-18B8-4273-9451-7115A22A8CE5}.Release|x64.Build.0 = Release|x64
		{240477D7-18B8-4273-9451-7115A22A8CE5}.Release|x86.ActiveCfg = Release|Any CPU
		{240477D7-18B8-4273-9451-7115A22A8CE5}.Release|x86.Build.0 = Release|Any CPU
		{E455E98A-6768-4922-B8BB-D444373E6585}.Debug|Any CPU.ActiveCfg = Debug|Any CPU
		{E455E98A-6768-4922-B8BB-D444373E6585}.Debug|Any CPU.Build.0 = Debug|Any CPU
		{E455E98A-6768-4922-B8BB-D444373E6585}.Debug|Mixed Platforms.ActiveCfg = Debug|Any CPU
		{E455E98A-6768-4922-B8BB-D444373E6585}.Debug|Mixed Platforms.Build.0 = Debug|Any CPU
		{E455E98A-6768-4922-B8BB-D444373E6585}.Debug|x64.ActiveCfg = Debug|x64
		{E455E98A-6768-4922-B8BB-D444373E6585}.Debug|x64.Build.0 = Debug|x64
		{E455E98A-6768-4922-B8BB-D444373E6585}.Debug|x86.ActiveCfg = Debug|Any CPU
		{E455E98A-6768-4922-B8BB-D444373E6585}.Debug|x86.Build.0 = Debug|Any CPU
		{E455E98A-6768-4922-B8BB-D444373E6585}.Release|Any CPU.ActiveCfg = Release|Any CPU
		{E455E98A-6768-4922-B8BB-D444373E6585}.Release|Any CPU.Build.0 = Release|Any CPU
		{E455E98A-6768-4922-B8BB-D444373E6585}.Release|Mixed Platforms.ActiveCfg = Release|Any CPU
		{E455E98A-6768-4922-B8BB-D444373E6585}.Release|Mixed Platforms.Build.0 = Release|Any CPU
		{E455E98A-6768-4922-B8BB-D444373E6585}.Release|x64.ActiveCfg = Release|x64
		{E455E98A-6768-4922-B8BB-D444373E6585}.Release|x64.Build.0 = Release|x64
		{E455E98A-6768-4922-B8BB-D444373E6585}.Release|x86.ActiveCfg = Release|Any CPU
		{E455E98A-6768-4922-B8BB-D444373E6585}.Release|x86.Build.0 = Release|Any CPU
		{695C1B67-08AE-4CA8-8820-30E3AD87EF44}.Debug|Any CPU.ActiveCfg = Debug|Any CPU
		{695C1B67-08AE-4CA8-8820-30E3AD87EF44}.Debug|Any CPU.Build.0 = Debug|Any CPU
		{695C1B67-08AE-4CA8-8820-30E3AD87EF44}.Debug|Mixed Platforms.ActiveCfg = Debug|Any CPU
		{695C1B67-08AE-4CA8-8820-30E3AD87EF44}.Debug|Mixed Platforms.Build.0 = Debug|Any CPU
		{695C1B67-08AE-4CA8-8820-30E3AD87EF44}.Debug|x64.ActiveCfg = Debug|x64
		{695C1B67-08AE-4CA8-8820-30E3AD87EF44}.Debug|x64.Build.0 = Debug|x64
		{695C1B67-08AE-4CA8-8820-30E3AD87EF44}.Debug|x86.ActiveCfg = Debug|Any CPU
		{695C1B67-08AE-4CA8-8820-30E3AD87EF44}.Debug|x86.Build.0 = Debug|Any CPU
		{695C1B67-08AE-4CA8-8820-30E3AD87EF44}.Release|Any CPU.ActiveCfg = Release|Any CPU
		{695C1B67-08AE-4CA8-8820-30E3AD87EF44}.Release|Any CPU.Build.0 = Release|Any CPU
		{695C1B67-08AE-4CA8-8820-30E3AD87EF44}.Release|Mixed Platforms.ActiveCfg = Release|Any CPU
		{695C1B67-08AE-4CA8-8820-30E3AD87EF44}.Release|Mixed Platforms.Build.0 = Release|Any CPU
		{695C1B67-08AE-4CA8-8820-30E3AD87EF44}.Release|x64.ActiveCfg = Release|x64
		{695C1B67-08AE-4CA8-8820-30E3AD87EF44}.Release|x64.Build.0 = Release|x64
		{695C1B67-08AE-4CA8-8820-30E3AD87EF44}.Release|x86.ActiveCfg = Release|Any CPU
		{695C1B67-08AE-4CA8-8820-30E3AD87EF44}.Release|x86.Build.0 = Release|Any CPU
		{BEC60F07-7E20-4F8B-A792-09AF04B40BC2}.Debug|Any CPU.ActiveCfg = Debug|Any CPU
		{BEC60F07-7E20-4F8B-A792-09AF04B40BC2}.Debug|Any CPU.Build.0 = Debug|Any CPU
		{BEC60F07-7E20-4F8B-A792-09AF04B40BC2}.Debug|Mixed Platforms.ActiveCfg = Debug|Any CPU
		{BEC60F07-7E20-4F8B-A792-09AF04B40BC2}.Debug|Mixed Platforms.Build.0 = Debug|Any CPU
		{BEC60F07-7E20-4F8B-A792-09AF04B40BC2}.Debug|x64.ActiveCfg = Debug|x64
		{BEC60F07-7E20-4F8B-A792-09AF04B40BC2}.Debug|x64.Build.0 = Debug|x64
		{BEC60F07-7E20-4F8B-A792-09AF04B40BC2}.Debug|x86.ActiveCfg = Debug|Any CPU
		{BEC60F07-7E20-4F8B-A792-09AF04B40BC2}.Debug|x86.Build.0 = Debug|Any CPU
		{BEC60F07-7E20-4F8B-A792-09AF04B40BC2}.Release|Any CPU.ActiveCfg = Release|Any CPU
		{BEC60F07-7E20-4F8B-A792-09AF04B40BC2}.Release|Any CPU.Build.0 = Release|Any CPU
		{BEC60F07-7E20-4F8B-A792-09AF04B40BC2}.Release|Mixed Platforms.ActiveCfg = Release|Any CPU
		{BEC60F07-7E20-4F8B-A792-09AF04B40BC2}.Release|Mixed Platforms.Build.0 = Release|Any CPU
		{BEC60F07-7E20-4F8B-A792-09AF04B40BC2}.Release|x64.ActiveCfg = Release|x64
		{BEC60F07-7E20-4F8B-A792-09AF04B40BC2}.Release|x64.Build.0 = Release|x64
		{BEC60F07-7E20-4F8B-A792-09AF04B40BC2}.Release|x86.ActiveCfg = Release|Any CPU
		{BEC60F07-7E20-4F8B-A792-09AF04B40BC2}.Release|x86.Build.0 = Release|Any CPU
		{57238156-62D6-4567-8E8F-1E6D020C24B7}.Debug|Any CPU.ActiveCfg = Debug|Any CPU
		{57238156-62D6-4567-8E8F-1E6D020C24B7}.Debug|Any CPU.Build.0 = Debug|Any CPU
		{57238156-62D6-4567-8E8F-1E6D020C24B7}.Debug|Mixed Platforms.ActiveCfg = Debug|Any CPU
		{57238156-62D6-4567-8E8F-1E6D020C24B7}.Debug|Mixed Platforms.Build.0 = Debug|Any CPU
		{57238156-62D6-4567-8E8F-1E6D020C24B7}.Debug|x64.ActiveCfg = Debug|x64
		{57238156-62D6-4567-8E8F-1E6D020C24B7}.Debug|x64.Build.0 = Debug|x64
		{57238156-62D6-4567-8E8F-1E6D020C24B7}.Debug|x86.ActiveCfg = Debug|Any CPU
		{57238156-62D6-4567-8E8F-1E6D020C24B7}.Debug|x86.Build.0 = Debug|Any CPU
		{57238156-62D6-4567-8E8F-1E6D020C24B7}.Release|Any CPU.ActiveCfg = Release|Any CPU
		{57238156-62D6-4567-8E8F-1E6D020C24B7}.Release|Any CPU.Build.0 = Release|Any CPU
		{57238156-62D6-4567-8E8F-1E6D020C24B7}.Release|Mixed Platforms.ActiveCfg = Release|Any CPU
		{57238156-62D6-4567-8E8F-1E6D020C24B7}.Release|Mixed Platforms.Build.0 = Release|Any CPU
		{57238156-62D6-4567-8E8F-1E6D020C24B7}.Release|x64.ActiveCfg = Release|x64
		{57238156-62D6-4567-8E8F-1E6D020C24B7}.Release|x64.Build.0 = Release|x64
		{57238156-62D6-4567-8E8F-1E6D020C24B7}.Release|x86.ActiveCfg = Release|Any CPU
		{57238156-62D6-4567-8E8F-1E6D020C24B7}.Release|x86.Build.0 = Release|Any CPU
		{599DF471-0FD1-48BE-A777-92049D656E36}.Debug|Any CPU.ActiveCfg = Debug|Any CPU
		{599DF471-0FD1-48BE-A777-92049D656E36}.Debug|Any CPU.Build.0 = Debug|Any CPU
		{599DF471-0FD1-48BE-A777-92049D656E36}.Debug|Mixed Platforms.ActiveCfg = Debug|Any CPU
		{599DF471-0FD1-48BE-A777-92049D656E36}.Debug|Mixed Platforms.Build.0 = Debug|Any CPU
		{599DF471-0FD1-48BE-A777-92049D656E36}.Debug|x64.ActiveCfg = Debug|x64
		{599DF471-0FD1-48BE-A777-92049D656E36}.Debug|x64.Build.0 = Debug|x64
		{599DF471-0FD1-48BE-A777-92049D656E36}.Debug|x86.ActiveCfg = Debug|Any CPU
		{599DF471-0FD1-48BE-A777-92049D656E36}.Debug|x86.Build.0 = Debug|Any CPU
		{599DF471-0FD1-48BE-A777-92049D656E36}.Release|Any CPU.ActiveCfg = Release|Any CPU
		{599DF471-0FD1-48BE-A777-92049D656E36}.Release|Any CPU.Build.0 = Release|Any CPU
		{599DF471-0FD1-48BE-A777-92049D656E36}.Release|Mixed Platforms.ActiveCfg = Release|Any CPU
		{599DF471-0FD1-48BE-A777-92049D656E36}.Release|Mixed Platforms.Build.0 = Release|Any CPU
		{599DF471-0FD1-48BE-A777-92049D656E36}.Release|x64.ActiveCfg = Release|x64
		{599DF471-0FD1-48BE-A777-92049D656E36}.Release|x64.Build.0 = Release|x64
		{599DF471-0FD1-48BE-A777-92049D656E36}.Release|x86.ActiveCfg = Release|Any CPU
		{599DF471-0FD1-48BE-A777-92049D656E36}.Release|x86.Build.0 = Release|Any CPU
		{BF6745F8-6DA8-4AE2-B6F6-0BC385862507}.Debug|Any CPU.ActiveCfg = Debug|Any CPU
		{BF6745F8-6DA8-4AE2-B6F6-0BC385862507}.Debug|Any CPU.Build.0 = Debug|Any CPU
		{BF6745F8-6DA8-4AE2-B6F6-0BC385862507}.Debug|Mixed Platforms.ActiveCfg = Debug|Any CPU
		{BF6745F8-6DA8-4AE2-B6F6-0BC385862507}.Debug|Mixed Platforms.Build.0 = Debug|Any CPU
		{BF6745F8-6DA8-4AE2-B6F6-0BC385862507}.Debug|x64.ActiveCfg = Debug|x64
		{BF6745F8-6DA8-4AE2-B6F6-0BC385862507}.Debug|x64.Build.0 = Debug|x64
		{BF6745F8-6DA8-4AE2-B6F6-0BC385862507}.Debug|x86.ActiveCfg = Debug|Any CPU
		{BF6745F8-6DA8-4AE2-B6F6-0BC385862507}.Debug|x86.Build.0 = Debug|Any CPU
		{BF6745F8-6DA8-4AE2-B6F6-0BC385862507}.Release|Any CPU.ActiveCfg = Release|Any CPU
		{BF6745F8-6DA8-4AE2-B6F6-0BC385862507}.Release|Any CPU.Build.0 = Release|Any CPU
		{BF6745F8-6DA8-4AE2-B6F6-0BC385862507}.Release|Mixed Platforms.ActiveCfg = Release|Any CPU
		{BF6745F8-6DA8-4AE2-B6F6-0BC385862507}.Release|Mixed Platforms.Build.0 = Release|Any CPU
		{BF6745F8-6DA8-4AE2-B6F6-0BC385862507}.Release|x64.ActiveCfg = Release|x64
		{BF6745F8-6DA8-4AE2-B6F6-0BC385862507}.Release|x64.Build.0 = Release|x64
		{BF6745F8-6DA8-4AE2-B6F6-0BC385862507}.Release|x86.ActiveCfg = Release|Any CPU
		{BF6745F8-6DA8-4AE2-B6F6-0BC385862507}.Release|x86.Build.0 = Release|Any CPU
		{5299B264-77C9-40A9-A74C-A66CD61966E3}.Debug|Any CPU.ActiveCfg = Debug|x86
		{5299B264-77C9-40A9-A74C-A66CD61966E3}.Debug|Mixed Platforms.ActiveCfg = Debug|x86
		{5299B264-77C9-40A9-A74C-A66CD61966E3}.Debug|Mixed Platforms.Build.0 = Debug|x86
		{5299B264-77C9-40A9-A74C-A66CD61966E3}.Debug|x64.ActiveCfg = Debug|x64
		{5299B264-77C9-40A9-A74C-A66CD61966E3}.Debug|x64.Build.0 = Debug|x64
		{5299B264-77C9-40A9-A74C-A66CD61966E3}.Debug|x86.ActiveCfg = Debug|x86
		{5299B264-77C9-40A9-A74C-A66CD61966E3}.Debug|x86.Build.0 = Debug|x86
		{5299B264-77C9-40A9-A74C-A66CD61966E3}.Release|Any CPU.ActiveCfg = Release|x86
		{5299B264-77C9-40A9-A74C-A66CD61966E3}.Release|Mixed Platforms.ActiveCfg = Release|x86
		{5299B264-77C9-40A9-A74C-A66CD61966E3}.Release|Mixed Platforms.Build.0 = Release|x86
		{5299B264-77C9-40A9-A74C-A66CD61966E3}.Release|x64.ActiveCfg = Release|x64
		{5299B264-77C9-40A9-A74C-A66CD61966E3}.Release|x64.Build.0 = Release|x64
		{5299B264-77C9-40A9-A74C-A66CD61966E3}.Release|x86.ActiveCfg = Release|x86
		{5299B264-77C9-40A9-A74C-A66CD61966E3}.Release|x86.Build.0 = Release|x86
		{4E63C314-24EC-4024-AEE0-34031E405A39}.Debug|Any CPU.ActiveCfg = Debug|Win32
		{4E63C314-24EC-4024-AEE0-34031E405A39}.Debug|Mixed Platforms.ActiveCfg = Debug|Win32
		{4E63C314-24EC-4024-AEE0-34031E405A39}.Debug|Mixed Platforms.Build.0 = Debug|Win32
		{4E63C314-24EC-4024-AEE0-34031E405A39}.Debug|x64.ActiveCfg = Debug|x64
		{4E63C314-24EC-4024-AEE0-34031E405A39}.Debug|x64.Build.0 = Debug|x64
		{4E63C314-24EC-4024-AEE0-34031E405A39}.Debug|x86.ActiveCfg = Debug|Win32
		{4E63C314-24EC-4024-AEE0-34031E405A39}.Debug|x86.Build.0 = Debug|Win32
		{4E63C314-24EC-4024-AEE0-34031E405A39}.Release|Any CPU.ActiveCfg = Release|Win32
		{4E63C314-24EC-4024-AEE0-34031E405A39}.Release|Mixed Platforms.ActiveCfg = Release|Win32
		{4E63C314-24EC-4024-AEE0-34031E405A39}.Release|Mixed Platforms.Build.0 = Release|Win32
		{4E63C314-24EC-4024-AEE0-34031E405A39}.Release|x64.ActiveCfg = Release|x64
		{4E63C314-24EC-4024-AEE0-34031E405A39}.Release|x64.Build.0 = Release|x64
		{4E63C314-24EC-4024-AEE0-34031E405A39}.Release|x86.ActiveCfg = Release|Win32
		{4E63C314-24EC-4024-AEE0-34031E405A39}.Release|x86.Build.0 = Release|Win32
		{4DBFE2CF-45E4-4594-8E6A-5EBC2EEF85AE}.Debug|Any CPU.ActiveCfg = Debug|x86
		{4DBFE2CF-45E4-4594-8E6A-5EBC2EEF85AE}.Debug|Mixed Platforms.ActiveCfg = Debug|x86
		{4DBFE2CF-45E4-4594-8E6A-5EBC2EEF85AE}.Debug|Mixed Platforms.Build.0 = Debug|x86
		{4DBFE2CF-45E4-4594-8E6A-5EBC2EEF85AE}.Debug|x64.ActiveCfg = Debug|x64
		{4DBFE2CF-45E4-4594-8E6A-5EBC2EEF85AE}.Debug|x64.Build.0 = Debug|x64
		{4DBFE2CF-45E4-4594-8E6A-5EBC2EEF85AE}.Debug|x86.ActiveCfg = Debug|x86
		{4DBFE2CF-45E4-4594-8E6A-5EBC2EEF85AE}.Debug|x86.Build.0 = Debug|x86
		{4DBFE2CF-45E4-4594-8E6A-5EBC2EEF85AE}.Release|Any CPU.ActiveCfg = Release|x86
		{4DBFE2CF-45E4-4594-8E6A-5EBC2EEF85AE}.Release|Mixed Platforms.ActiveCfg = Release|x86
		{4DBFE2CF-45E4-4594-8E6A-5EBC2EEF85AE}.Release|Mixed Platforms.Build.0 = Release|x86
		{4DBFE2CF-45E4-4594-8E6A-5EBC2EEF85AE}.Release|x64.ActiveCfg = Release|x64
		{4DBFE2CF-45E4-4594-8E6A-5EBC2EEF85AE}.Release|x64.Build.0 = Release|x64
		{4DBFE2CF-45E4-4594-8E6A-5EBC2EEF85AE}.Release|x86.ActiveCfg = Release|x86
		{4DBFE2CF-45E4-4594-8E6A-5EBC2EEF85AE}.Release|x86.Build.0 = Release|x86
		{F78B7F11-1A7A-4181-BC47-832A03D75324}.Debug|Any CPU.ActiveCfg = Debug|x86
		{F78B7F11-1A7A-4181-BC47-832A03D75324}.Debug|Mixed Platforms.ActiveCfg = Debug|x86
		{F78B7F11-1A7A-4181-BC47-832A03D75324}.Debug|Mixed Platforms.Build.0 = Debug|x86
		{F78B7F11-1A7A-4181-BC47-832A03D75324}.Debug|x64.ActiveCfg = Debug|x64
		{F78B7F11-1A7A-4181-BC47-832A03D75324}.Debug|x64.Build.0 = Debug|x64
		{F78B7F11-1A7A-4181-BC47-832A03D75324}.Debug|x86.ActiveCfg = Debug|x86
		{F78B7F11-1A7A-4181-BC47-832A03D75324}.Debug|x86.Build.0 = Debug|x86
		{F78B7F11-1A7A-4181-BC47-832A03D75324}.Release|Any CPU.ActiveCfg = Release|x86
		{F78B7F11-1A7A-4181-BC47-832A03D75324}.Release|Mixed Platforms.ActiveCfg = Release|x86
		{F78B7F11-1A7A-4181-BC47-832A03D75324}.Release|Mixed Platforms.Build.0 = Release|x86
		{F78B7F11-1A7A-4181-BC47-832A03D75324}.Release|x64.ActiveCfg = Release|x64
		{F78B7F11-1A7A-4181-BC47-832A03D75324}.Release|x64.Build.0 = Release|x64
		{F78B7F11-1A7A-4181-BC47-832A03D75324}.Release|x86.ActiveCfg = Release|x86
		{F78B7F11-1A7A-4181-BC47-832A03D75324}.Release|x86.Build.0 = Release|x86
	EndGlobalSection
	GlobalSection(SolutionProperties) = preSolution
		HideSolutionNode = FALSE
	EndGlobalSection
EndGlobal
